
Microsoft Visual Studio Solution File, Format Version 12.00
# Visual Studio Version 16
VisualStudioVersion = 16.0.29306.81
MinimumVisualStudioVersion = 10.0.40219.1
Project("{9A19103F-16F7-4668-BE54-9A1E7A4F7556}") = "BO4E", "BO4E\BO4E.csproj", "{0A0EEC4F-20C5-4470-BBF7-7187191C0D31}"
EndProject
Project("{9A19103F-16F7-4668-BE54-9A1E7A4F7556}") = "TestBO4E-dotnet", "BO4ETestProject\TestBO4E-dotnet.csproj", "{A912EFFC-2468-43C5-81EA-F4887901D389}"
	ProjectSection(ProjectDependencies) = postProject
		{0A0EEC4F-20C5-4470-BBF7-7187191C0D31} = {0A0EEC4F-20C5-4470-BBF7-7187191C0D31}
	EndProjectSection
EndProject
Project("{FAE04EC0-301F-11D3-BF4B-00C04F79EFBC}") = "BO4E.Extensions", "BO4E.Extensions\BO4E.Extensions.csproj", "{AD33396B-CE0B-4230-8D77-457C888E5E9B}"
EndProject
Project("{FAE04EC0-301F-11D3-BF4B-00C04F79EFBC}") = "BO4E.Reporting", "BO4E.Reporting\BO4E.Reporting.csproj", "{3D0BBA2B-67E3-4FA7-9BE9-8708648E0FF5}"
EndProject
Project("{FAE04EC0-301F-11D3-BF4B-00C04F79EFBC}") = "TestBO4E-dotnet-Reporting", "TestBO4E-dotnet-Reporting\TestBO4E-dotnet-Reporting.csproj", "{86795BD1-038B-437E-B723-9E3AEDF2F53E}"
EndProject
Project("{FAE04EC0-301F-11D3-BF4B-00C04F79EFBC}") = "TestBO4E-dotnet-Extensions", "TestBO4E-dotnet-Extensions\TestBO4E-dotnet-Extensions.csproj", "{BDA5224F-3C83-44F7-B96F-B873247E3245}"
EndProject
Project("{FAE04EC0-301F-11D3-BF4B-00C04F79EFBC}") = "BO4E-dotnet.Extensions.Encryption", "BO4E-dotnet.Encryption\BO4E-dotnet.Extensions.Encryption.csproj", "{09AF8879-127A-4724-B874-0EDAA1C180B3}"
EndProject
Project("{FAE04EC0-301F-11D3-BF4B-00C04F79EFBC}") = "TestBO4E-dotnet-Extensions-Encryption", "TestBO4E-dotnet-Encryption\TestBO4E-dotnet-Extensions-Encryption.csproj", "{95A6DE74-54AC-4E71-A088-B353013EEF24}"
EndProject
Global
	GlobalSection(SolutionConfigurationPlatforms) = preSolution
		Debug|Any CPU = Debug|Any CPU
		Release|Any CPU = Release|Any CPU
	EndGlobalSection
	GlobalSection(ProjectConfigurationPlatforms) = postSolution
		{0A0EEC4F-20C5-4470-BBF7-7187191C0D31}.Debug|Any CPU.ActiveCfg = Debug|Any CPU
		{0A0EEC4F-20C5-4470-BBF7-7187191C0D31}.Debug|Any CPU.Build.0 = Debug|Any CPU
		{0A0EEC4F-20C5-4470-BBF7-7187191C0D31}.Release|Any CPU.ActiveCfg = Release|Any CPU
		{0A0EEC4F-20C5-4470-BBF7-7187191C0D31}.Release|Any CPU.Build.0 = Release|Any CPU
		{A912EFFC-2468-43C5-81EA-F4887901D389}.Debug|Any CPU.ActiveCfg = Debug|Any CPU
		{A912EFFC-2468-43C5-81EA-F4887901D389}.Debug|Any CPU.Build.0 = Debug|Any CPU
		{A912EFFC-2468-43C5-81EA-F4887901D389}.Release|Any CPU.ActiveCfg = Release|Any CPU
		{A912EFFC-2468-43C5-81EA-F4887901D389}.Release|Any CPU.Build.0 = Release|Any CPU
		{AD33396B-CE0B-4230-8D77-457C888E5E9B}.Debug|Any CPU.ActiveCfg = Debug|Any CPU
		{AD33396B-CE0B-4230-8D77-457C888E5E9B}.Debug|Any CPU.Build.0 = Debug|Any CPU
		{AD33396B-CE0B-4230-8D77-457C888E5E9B}.Release|Any CPU.ActiveCfg = Release|Any CPU
		{AD33396B-CE0B-4230-8D77-457C888E5E9B}.Release|Any CPU.Build.0 = Release|Any CPU
		{3D0BBA2B-67E3-4FA7-9BE9-8708648E0FF5}.Debug|Any CPU.ActiveCfg = Debug|Any CPU
		{3D0BBA2B-67E3-4FA7-9BE9-8708648E0FF5}.Debug|Any CPU.Build.0 = Debug|Any CPU
		{3D0BBA2B-67E3-4FA7-9BE9-8708648E0FF5}.Release|Any CPU.ActiveCfg = Release|Any CPU
		{3D0BBA2B-67E3-4FA7-9BE9-8708648E0FF5}.Release|Any CPU.Build.0 = Release|Any CPU
		{86795BD1-038B-437E-B723-9E3AEDF2F53E}.Debug|Any CPU.ActiveCfg = Debug|Any CPU
		{86795BD1-038B-437E-B723-9E3AEDF2F53E}.Debug|Any CPU.Build.0 = Debug|Any CPU
		{86795BD1-038B-437E-B723-9E3AEDF2F53E}.Release|Any CPU.ActiveCfg = Release|Any CPU
		{86795BD1-038B-437E-B723-9E3AEDF2F53E}.Release|Any CPU.Build.0 = Release|Any CPU
		{BDA5224F-3C83-44F7-B96F-B873247E3245}.Debug|Any CPU.ActiveCfg = Debug|Any CPU
		{BDA5224F-3C83-44F7-B96F-B873247E3245}.Debug|Any CPU.Build.0 = Debug|Any CPU
		{BDA5224F-3C83-44F7-B96F-B873247E3245}.Release|Any CPU.ActiveCfg = Release|Any CPU
		{BDA5224F-3C83-44F7-B96F-B873247E3245}.Release|Any CPU.Build.0 = Release|Any CPU
		{09AF8879-127A-4724-B874-0EDAA1C180B3}.Debug|Any CPU.ActiveCfg = Debug|Any CPU
		{09AF8879-127A-4724-B874-0EDAA1C180B3}.Debug|Any CPU.Build.0 = Debug|Any CPU
		{09AF8879-127A-4724-B874-0EDAA1C180B3}.Release|Any CPU.ActiveCfg = Release|Any CPU
		{09AF8879-127A-4724-B874-0EDAA1C180B3}.Release|Any CPU.Build.0 = Release|Any CPU
		{95A6DE74-54AC-4E71-A088-B353013EEF24}.Debug|Any CPU.ActiveCfg = Debug|Any CPU
		{95A6DE74-54AC-4E71-A088-B353013EEF24}.Debug|Any CPU.Build.0 = Debug|Any CPU
		{95A6DE74-54AC-4E71-A088-B353013EEF24}.Release|Any CPU.ActiveCfg = Release|Any CPU
		{95A6DE74-54AC-4E71-A088-B353013EEF24}.Release|Any CPU.Build.0 = Release|Any CPU
	EndGlobalSection
	GlobalSection(SolutionProperties) = preSolution
		HideSolutionNode = FALSE
	EndGlobalSection
	GlobalSection(ExtensibilityGlobals) = postSolution
		SolutionGuid = {E5462D79-EFB5-4EAE-9E44-34771F85A114}
	EndGlobalSection
EndGlobal
